
Microsoft Visual Studio Solution File, Format Version 12.00
# Visual Studio Version 17
VisualStudioVersion = 17.5.33424.131
MinimumVisualStudioVersion = 10.0.40219.1
Project("{8BC9CEB8-8B4A-11D0-8D11-00A0C91BC942}") = "Strings", "Strings.vcxproj", "{1648E5AB-9D25-4378-A42C-584BA5539D86}"
EndProject
Global
	GlobalSection(SolutionConfigurationPlatforms) = preSolution
		Debug|x64 = Debug|x64
		Debug|x86 = Debug|x86
		Release|x64 = Release|x64
		Release|x86 = Release|x86
	EndGlobalSection
	GlobalSection(ProjectConfigurationPlatforms) = postSolution
		{1648E5AB-9D25-4378-A42C-584BA5539D86}.Debug|x64.ActiveCfg = Debug|x64
		{1648E5AB-9D25-4378-A42C-584BA5539D86}.Debug|x64.Build.0 = Debug|x64
		{1648E5AB-9D25-4378-A42C-584BA5539D86}.Debug|x86.ActiveCfg = Debug|Win32
		{1648E5AB-9D25-4378-A42C-584BA5539D86}.Debug|x86.Build.0 = Debug|Win32
		{1648E5AB-9D25-4378-A42C-584BA5539D86}.Release|x64.ActiveCfg = Release|x64
		{1648E5AB-9D25-4378-A42C-584BA5539D86}.Release|x64.Build.0 = Release|x64
		{1648E5AB-9D25-4378-A42C-584BA5539D86}.Release|x86.ActiveCfg = Release|Win32
		{1648E5AB-9D25-4378-A42C-584BA5539D86}.Release|x86.Build.0 = Release|Win32
	EndGlobalSection
	GlobalSection(SolutionProperties) = preSolution
		HideSolutionNode = FALSE
	EndGlobalSection
	GlobalSection(ExtensibilityGlobals) = postSolution
		SolutionGuid = {CCCA9C80-B033-46A2-94B9-7F4071FB21C2}
	EndGlobalSection
EndGlobal
